PODS:
  - Flutter (3.0.500)
  - flutter_boost (0.0.2):
    - Flutter
  - FlutterPluginRegistrant (0.0.1):
    - Flutter
    - flutter_boost
  - TestFlutterModule (0.0.1):
    - Flutter

DEPENDENCIES:
  - Flutter (from `../my_flutter/.build_ios/framework/Debug/Flutter.podspec`)
  - flutter_boost (from `../my_flutter/.build_ios/plugins/flutter_boost/ios`)
  - FlutterPluginRegistrant (from `../my_flutter/.build_ios/FlutterPluginRegistrant`)
  - TestFlutterModule (from `../my_flutter/.build_ios`)

EXTERNAL SOURCES:
  Flutter:
    :podspec: "../my_flutter/.build_ios/framework/Debug/Flutter.podspec"
  flutter_boost:
    :path: "../my_flutter/.build_ios/plugins/flutter_boost/ios"
  FlutterPluginRegistrant:
    :path: "../my_flutter/.build_ios/FlutterPluginRegistrant"
  TestFlutterModule:
    :path: "../my_flutter/.build_ios"

SPEC CHECKSUMS:
  Flutter: 3747034a7f838351aa2237c5b031346ce486ba1f
  flutter_boost: 3e8a6e28c86d24c83be5b2fab067746dc77a1ad6
  FlutterPluginRegistrant: fb340db2ceea01edf5879bd588115a07d4cbf644
  TestFlutterModule: a820d2ba20f7e0e3ca1eb181eb5979718d79e2c4

PODFILE CHECKSUM: e114d389f8ed6480ffd8f9ae4cd5f512ab2817a1

COCOAPODS: 1.15.2
